
Microsoft Visual Studio Solution File, Format Version 12.00
# Visual Studio 15
VisualStudioVersion = 15.0.27703.2035
MinimumVisualStudioVersion = 10.0.40219.1
Project("{FAE04EC0-301F-11D3-BF4B-00C04F79EFBC}") = "ProducerAp", "ProducerAp\ProducerAp.csproj", "{A2B6AB40-2E0D-48CF-B74C-3F7C8D614DBB}"
EndProject
Project("{FAE04EC0-301F-11D3-BF4B-00C04F79EFBC}") = "ConsumerAp", "ConsumerAp\ConsumerAp.csproj", "{206F30CE-86B2-4639-8E54-13D52A5C0671}"
EndProject
Global
	GlobalSection(SolutionConfigurationPlatforms) = preSolution
		Debug|Any CPU = Debug|Any CPU
		Release|Any CPU = Release|Any CPU
	EndGlobalSection
	GlobalSection(ProjectConfigurationPlatforms) = postSolution
		{A2B6AB40-2E0D-48CF-B74C-3F7C8D614DBB}.Debug|Any CPU.ActiveCfg = Debug|Any CPU
		{A2B6AB40-2E0D-48CF-B74C-3F7C8D614DBB}.Debug|Any CPU.Build.0 = Debug|Any CPU
		{A2B6AB40-2E0D-48CF-B74C-3F7C8D614DBB}.Release|Any CPU.ActiveCfg = Release|Any CPU
		{A2B6AB40-2E0D-48CF-B74C-3F7C8D614DBB}.Release|Any CPU.Build.0 = Release|Any CPU
		{206F30CE-86B2-4639-8E54-13D52A5C0671}.Debug|Any CPU.ActiveCfg = Debug|Any CPU
		{206F30CE-86B2-4639-8E54-13D52A5C0671}.Debug|Any CPU.Build.0 = Debug|Any CPU
		{206F30CE-86B2-4639-8E54-13D52A5C0671}.Release|Any CPU.ActiveCfg = Release|Any CPU
		{206F30CE-86B2-4639-8E54-13D52A5C0671}.Release|Any CPU.Build.0 = Release|Any CPU
	EndGlobalSection
	GlobalSection(SolutionProperties) = preSolution
		HideSolutionNode = FALSE
	EndGlobalSection
	GlobalSection(ExtensibilityGlobals) = postSolution
		SolutionGuid = {C586D136-1D90-4CB5-802E-363301EF9BB0}
	EndGlobalSection
EndGlobal
